# This file is @generated by PDM.
# It is not intended for manual editing.

[metadata]
groups = ["default"]
strategy = ["cross_platform"]
lock_version = "4.4"
content_hash = "sha256:d2a1a6b0351e216d77f81f2c2bfdff84225058e835f7fd9dae51e16248f95ec7"

[[package]]
name = "greenlet"
version = "3.0.3"
requires_python = ">=3.7"
summary = "Lightweight in-process concurrent programming"
files = [
    {file = "greenlet-3.0.3-cp312-cp312-macosx_11_0_universal2.whl", hash = "sha256:70fb482fdf2c707765ab5f0b6655e9cfcf3780d8d87355a063547b41177599be"},
    {file = "greenlet-3.0.3-cp312-cp312-manylinux_2_17_aarch64.manylinux2014_aarch64.whl", hash = "sha256:d4d1ac74f5c0c0524e4a24335350edad7e5f03b9532da7ea4d3c54d527784f2e"},
    {file = "greenlet-3.0.3-cp312-cp312-manylinux_2_17_ppc64le.manylinux2014_ppc64le.whl", hash = "sha256:149e94a2dd82d19838fe4b2259f1b6b9957d5ba1b25640d2380bea9c5df37676"},
    {file = "greenlet-3.0.3-cp312-cp312-manylinux_2_17_s390x.manylinux2014_s390x.whl", hash = "sha256:15d79dd26056573940fcb8c7413d84118086f2ec1a8acdfa854631084393efcc"},
    {file = "greenlet-3.0.3-cp312-cp312-manylinux_2_17_x86_64.manylinux2014_x86_64.whl", hash = "sha256:881b7db1ebff4ba09aaaeae6aa491daeb226c8150fc20e836ad00041bcb11230"},
    {file = "greenlet-3.0.3-cp312-cp312-manylinux_2_24_x86_64.manylinux_2_28_x86_64.whl", hash = "sha256:fcd2469d6a2cf298f198f0487e0a5b1a47a42ca0fa4dfd1b6862c999f018ebbf"},
    {file = "greenlet-3.0.3-cp312-cp312-musllinux_1_1_aarch64.whl", hash = "sha256:1f672519db1796ca0d8753f9e78ec02355e862d0998193038c7073045899f305"},
    {file = "greenlet-3.0.3-cp312-cp312-musllinux_1_1_x86_64.whl", hash = "sha256:2516a9957eed41dd8f1ec0c604f1cdc86758b587d964668b5b196a9db5bfcde6"},
    {file = "greenlet-3.0.3-cp312-cp312-win_amd64.whl", hash = "sha256:bba5387a6975598857d86de9eac14210a49d554a77eb8261cc68b7d082f78ce2"},
    {file = "greenlet-3.0.3.tar.gz", hash = "sha256:43374442353259554ce33599da8b692d5aa96f8976d567d4badf263371fbe491"},
]

[[package]]
name = "playwright"
version = "1.44.0"
requires_python = ">=3.8"
summary = "A high-level API to automate web browsers"
dependencies = [
    "greenlet==3.0.3",
    "pyee==11.1.0",
]
files = [
    {file = "playwright-1.44.0-py3-none-macosx_10_13_x86_64.whl", hash = "sha256:c2317a80896796fdeb03d60f06cc229e775ff2e19b80c64b1bb9b29c8a59d992"},
    {file = "playwright-1.44.0-py3-none-macosx_11_0_arm64.whl", hash = "sha256:54d44fb634d870839301c2326e1e12a178a1be0de76d0caaec230ab075c2e077"},
    {file = "playwright-1.44.0-py3-none-macosx_11_0_universal2.whl", hash = "sha256:64b67194e73b47ae72acf25f1a9cfacfef38ca2b52e4bb8b0abd385c5deeaadf"},
    {file = "playwright-1.44.0-py3-none-manylinux1_x86_64.whl", hash = "sha256:29161b1fae71f7c402df5b15f0bd3deaeecd8b3d1ecd9ff01271700c66210e7b"},
    {file = "playwright-1.44.0-py3-none-manylinux_2_17_aarch64.manylinux2014_aarch64.whl", hash = "sha256:f8c8a3bfea17576d3f94a2363eee195cbda8dbba86975588c7eaac7792b25eee"},
    {file = "playwright-1.44.0-py3-none-win32.whl", hash = "sha256:235e37832deaa9af8a629d09955396259ab757533cc1922f9b0308b4ee0d9cdf"},
    {file = "playwright-1.44.0-py3-none-win_amd64.whl", hash = "sha256:5b8a4a1d4d50f4ff99b47965576322a8c4e34631854b862a25c1feb824be22a8"},
]

[[package]]
name = "pyee"
version = "11.1.0"
requires_python = ">=3.8"
summary = "A rough port of Node.js's EventEmitter to Python with a few tricks of its own"
dependencies = [
    "typing-extensions",
]
files = [
    {file = "pyee-11.1.0-py3-none-any.whl", hash = "sha256:5d346a7d0f861a4b2e6c47960295bd895f816725b27d656181947346be98d7c1"},
    {file = "pyee-11.1.0.tar.gz", hash = "sha256:b53af98f6990c810edd9b56b87791021a8f54fd13db4edd1142438d44ba2263f"},
]

[[package]]
name = "typing-extensions"
version = "4.11.0"
requires_python = ">=3.8"
summary = "Backported and Experimental Type Hints for Python 3.8+"
files = [
    {file = "typing_extensions-4.11.0-py3-none-any.whl", hash = "sha256:c1f94d72897edaf4ce775bb7558d5b79d8126906a14ea5ed1635921406c0387a"},
    {file = "typing_extensions-4.11.0.tar.gz", hash = "sha256:83f085bd5ca59c80295fc2a82ab5dac679cbe02b9f33f7d83af68e241bea51b0"},
]
